{
  "name": "glitch-hello-react",
  "version": "0.0.5",
  "lockfileVersion": 1,
  "requires": true,
  "dependencies": {
    "@babel/runtime": {
      "version": "7.18.9",
      "resolved": "https://registry.npmjs.org/@babel/runtime/-/runtime-7.18.9.tgz",
      "integrity": "sha512-lkqXDcvlFT5rvEjiu6+QYO+1GXrEHRo2LOtS7E4GtX5ESIZOgepqsZBVIj6Pv+a6zqsya9VCgiK1KAK4BvJDAw==",
      "requires": {
        "regenerator-runtime": "^0.13.4"
      }
    },
    "@vitejs/plugin-react": {
      "version": "1.3.2",
      "requires": {
        "@babel/core": "^7.17.10",
        "@babel/plugin-transform-react-jsx": "^7.17.3",
        "@babel/plugin-transform-react-jsx-development": "^7.16.7",
        "@babel/plugin-transform-react-jsx-self": "^7.16.7",
        "@babel/plugin-transform-react-jsx-source": "^7.16.7",
        "@rollup/pluginutils": "^4.2.1",
        "react-refresh": "^0.13.0",
        "resolve": "^1.22.0"
      }
    },
    "framer-motion": {
      "version": "6.5.1",
      "resolved": "https://registry.npmjs.org/framer-motion/-/framer-motion-6.5.1.tgz",
      "integrity": "sha512-o1BGqqposwi7cgDrtg0dNONhkmPsUFDaLcKXigzuTFC5x58mE8iyTazxSudFzmT6MEyJKfjjU8ItoMe3W+3fiw==",
      "requires": {
        "@emotion/is-prop-valid": "^0.8.2",
        "@motionone/dom": "10.12.0",
        "framesync": "6.0.1",
        "hey-listen": "^1.0.8",
        "popmotion": "11.0.3",
        "style-value-types": "5.0.0",
        "tslib": "^2.1.0"
      },
      "dependencies": {
        "@emotion/is-prop-valid": {
          "version": "0.8.8",
          "resolved": "https://registry.npmjs.org/@emotion/is-prop-valid/-/is-prop-valid-0.8.8.tgz",
          "integrity": "sha512-u5WtneEAr5IDG2Wv65yhunPSMLIpuKsbuOktRojfrEiEvRyC85LgPMZI63cr7NUqT8ZIGdSVg8ZKGxIug4lXcA==",
          "optional": true,
          "requires": {
            "@emotion/memoize": "0.7.4"
          }
        },
        "@emotion/memoize": {
          "version": "0.7.4",
          "resolved": "https://registry.npmjs.org/@emotion/memoize/-/memoize-0.7.4.tgz",
          "integrity": "sha512-Ja/Vfqe3HpuzRsG1oBtWTHk2PGZ7GR+2Vz5iYGelAw8dx32K0y7PjVuxK6z1nMpZOqAFsRUPCkK1YjJ56qJlgw==",
          "optional": true
        },
        "@motionone/animation": {
          "version": "10.13.1",
          "resolved": "https://registry.npmjs.org/@motionone/animation/-/animation-10.13.1.tgz",
          "integrity": "sha512-dxQ+1wWxL6iFHDy1uv6hhcPjIdOg36eDT56jN4LI7Z5HZRyLpq8x1t7JFQclo/IEIb+6Bk4atmyinGFdXVECuA==",
          "requires": {
            "@motionone/easing": "^10.13.1",
            "@motionone/types": "^10.13.0",
            "@motionone/utils": "^10.13.1",
            "tslib": "^2.3.1"
          }
        },
        "@motionone/dom": {
          "version": "10.12.0",
          "resolved": "https://registry.npmjs.org/@motionone/dom/-/dom-10.12.0.tgz",
          "integrity": "sha512-UdPTtLMAktHiqV0atOczNYyDd/d8Cf5fFsd1tua03PqTwwCe/6lwhLSQ8a7TbnQ5SN0gm44N1slBfj+ORIhrqw==",
          "requires": {
            "@motionone/animation": "^10.12.0",
            "@motionone/generators": "^10.12.0",
            "@motionone/types": "^10.12.0",
            "@motionone/utils": "^10.12.0",
            "hey-listen": "^1.0.8",
            "tslib": "^2.3.1"
          }
        },
        "@motionone/easing": {
          "version": "10.13.1",
          "resolved": "https://registry.npmjs.org/@motionone/easing/-/easing-10.13.1.tgz",
          "integrity": "sha512-INEsInHHDHVgx0dp5qlXi1lMXBqYicgLMMSn3zfGzaIvcaEbI1Uz8BoyNV4BiclTupG7RYIh+T6BU83ZcEe74g==",
          "requires": {
            "@motionone/utils": "^10.13.1",
            "tslib": "^2.3.1"
          }
        },
        "@motionone/generators": {
          "version": "10.13.1",
          "resolved": "https://registry.npmjs.org/@motionone/generators/-/generators-10.13.1.tgz",
          "integrity": "sha512-+HK5u2YcNJCckTTqfOLgSVcrWv2z1dVwrSZEMVJuAh0EnWEWGDJRvMBoPc0cFf/osbkA2Rq9bH2+vP0Ex/D8uw==",
          "requires": {
            "@motionone/types": "^10.13.0",
            "@motionone/utils": "^10.13.1",
            "tslib": "^2.3.1"
          }
        },
        "@motionone/types": {
          "version": "10.13.0",
          "resolved": "https://registry.npmjs.org/@motionone/types/-/types-10.13.0.tgz",
          "integrity": "sha512-qegk4qg8U1N9ZwAJ187BG3TkZz1k9LP/pvNtCSlqdq/PMUDKlCFG4ZnjJ481P0IOH/vIw1OzIbKIuyg0A3rk9g=="
        },
        "@motionone/utils": {
          "version": "10.13.1",
          "resolved": "https://registry.npmjs.org/@motionone/utils/-/utils-10.13.1.tgz",
          "integrity": "sha512-TjDPTIppaf3ofBXQv4ZzAketJgN0sclALXfZ6mfrkjJkOy83mLls9744F+6S+VKCpBmvbZcBY4PQfrfhAfeMtA==",
          "requires": {
            "@motionone/types": "^10.13.0",
            "hey-listen": "^1.0.8",
            "tslib": "^2.3.1"
          }
        },
        "framesync": {
          "version": "6.0.1",
          "resolved": "https://registry.npmjs.org/framesync/-/framesync-6.0.1.tgz",
          "integrity": "sha512-fUY88kXvGiIItgNC7wcTOl0SNRCVXMKSWW2Yzfmn7EKNc+MpCzcz9DhdHcdjbrtN3c6R4H5dTY2jiCpPdysEjA==",
          "requires": {
            "tslib": "^2.1.0"
          }
        },
        "hey-listen": {
          "version": "1.0.8",
          "resolved": "https://registry.npmjs.org/hey-listen/-/hey-listen-1.0.8.tgz",
          "integrity": "sha512-COpmrF2NOg4TBWUJ5UVyaCU2A88wEMkUPK4hNqyCkqHbxT92BbvfjoSozkAIIm6XhicGlJHhFdullInrdhwU8Q=="
        },
        "popmotion": {
          "version": "11.0.3",
          "resolved": "https://registry.npmjs.org/popmotion/-/popmotion-11.0.3.tgz",
          "integrity": "sha512-Y55FLdj3UxkR7Vl3s7Qr4e9m0onSnP8W7d/xQLsoJM40vs6UKHFdygs6SWryasTZYqugMjm3BepCF4CWXDiHgA==",
          "requires": {
            "framesync": "6.0.1",
            "hey-listen": "^1.0.8",
            "style-value-types": "5.0.0",
            "tslib": "^2.1.0"
          }
        },
        "style-value-types": {
          "version": "5.0.0",
          "resolved": "https://registry.npmjs.org/style-value-types/-/style-value-types-5.0.0.tgz",
          "integrity": "sha512-08yq36Ikn4kx4YU6RD7jWEv27v4V+PUsOGa4n/as8Et3CuODMJQ00ENeAVXAeydX4Z2j1XHZF1K2sX4mGl18fA==",
          "requires": {
            "hey-listen": "^1.0.8",
            "tslib": "^2.1.0"
          }
        },
        "tslib": {
          "version": "2.4.0",
          "resolved": "https://registry.npmjs.org/tslib/-/tslib-2.4.0.tgz",
          "integrity": "sha512-d6xOpEDfsi2CZVlPQzGeux8XMwLT9hssAsaPYExaQMuYskwb+x1x7J371tWlbBdWHroy99KnVB6qIkUbs5X3UQ=="
        }
      }
    },
    "history": {
      "version": "5.3.0",
      "resolved": "https://registry.npmjs.org/history/-/history-5.3.0.tgz",
      "integrity": "sha512-ZqaKwjjrAYUYfLG+htGaIIZ4nioX2L70ZUMIFysS3xvBsSG4x/n1V6TXV3N8ZYNuFGlDirFg32T7B6WOUPDYcQ==",
      "requires": {
        "@babel/runtime": "^7.7.6"
      }
    },
    "react": {
      "version": "18.0.0",
      "requires": {
        "loose-envify": "^1.1.0"
      }
    },
    "react-dom": {
      "version": "18.0.0",
      "requires": {
        "loose-envify": "^1.1.0",
        "scheduler": "^0.21.0"
      }
    },
    "react-router": {
      "version": "6.3.0",
      "resolved": "https://registry.npmjs.org/react-router/-/react-router-6.3.0.tgz",
      "integrity": "sha512-7Wh1DzVQ+tlFjkeo+ujvjSqSJmkt1+8JO+T5xklPlgrh70y7ogx75ODRW0ThWhY7S+6yEDks8TYrtQe/aoboBQ==",
      "requires": {
        "history": "^5.2.0"
      }
    },
    "react-router-dom": {
      "version": "6.3.0",
      "resolved": "https://registry.npmjs.org/react-router-dom/-/react-router-dom-6.3.0.tgz",
      "integrity": "sha512-uaJj7LKytRxZNQV8+RbzJWnJ8K2nPsOOEuX7aQstlMZKQT0164C+X2w6bnkqU3sjtLvpd5ojrezAyfZ1+0sStw==",
      "requires": {
        "history": "^5.2.0",
        "react-router": "6.3.0"
      }
    },
    "regenerator-runtime": {
      "version": "0.13.9",
      "resolved": "https://registry.npmjs.org/regenerator-runtime/-/regenerator-runtime-0.13.9.tgz",
      "integrity": "sha512-p3VT+cOEgxFsRRA9X4lkI1E+k2/CtnKtU4gcxyaCUreilL/vqI6CdZ3wxVUx3UOUg+gnUOQQcRI7BmSI656MYA=="
    },
    "vite": {
      "version": "2.7.13",
      "dev": true,
      "requires": {
        "esbuild": "^0.13.12",
        "fsevents": "~2.3.2",
        "postcss": "^8.4.5",
        "resolve": "^1.20.0",
        "rollup": "^2.59.0"
      }
    }
  }
}
